
Microsoft Visual Studio Solution File, Format Version 12.00
# Visual Studio 15
VisualStudioVersion = 15.0.28307.1267
MinimumVisualStudioVersion = 10.0.40219.1
Project("{FAE04EC0-301F-11D3-BF4B-00C04F79EFBC}") = "WCFService_2Way_002", "WCFService_2Way_002\WCFService_2Way_002.csproj", "{DCE75016-8293-48B3-B08F-322FA25F8F5F}"
EndProject
Global
	GlobalSection(SolutionConfigurationPlatforms) = preSolution
		Debug|Any CPU = Debug|Any CPU
		Release|Any CPU = Release|Any CPU
	EndGlobalSection
	GlobalSection(ProjectConfigurationPlatforms) = postSolution
		{DCE75016-8293-48B3-B08F-322FA25F8F5F}.Debug|Any CPU.ActiveCfg = Debug|Any CPU
		{DCE75016-8293-48B3-B08F-322FA25F8F5F}.Debug|Any CPU.Build.0 = Debug|Any CPU
		{DCE75016-8293-48B3-B08F-322FA25F8F5F}.Release|Any CPU.ActiveCfg = Release|Any CPU
		{DCE75016-8293-48B3-B08F-322FA25F8F5F}.Release|Any CPU.Build.0 = Release|Any CPU
	EndGlobalSection
	GlobalSection(SolutionProperties) = preSolution
		HideSolutionNode = FALSE
	EndGlobalSection
	GlobalSection(ExtensibilityGlobals) = postSolution
		SolutionGuid = {C7A3D28B-EB36-45C5-865B-0AB0D9123418}
	EndGlobalSection
EndGlobal
